version = 1
revision = 3
requires-python = ">=3.9"

[[package]]
name = "libusb1"
version = "3.3.1"
source = { registry = "https://pypi.org/simple" }
sdist = { url = "https://files.pythonhosted.org/packages/a2/7f/c59ad56d1bca8fa4321d1bb77ba4687775751a4deceec14943a44da18ca0/libusb1-3.3.1.tar.gz", hash = "sha256:3951d360f2daf0e0eacf839e15d2d1d2f4f5e7830231eb3188eeffef2dd17bad", size = 107600, upload-time = "2025-03-24T05:36:47.834Z" }
wheels = [
    { url = "https://files.pythonhosted.org/packages/10/f7/4577cfc55c9520ecab5563173e83235382ac7980c8c2c08d6c9f7ef9e615/libusb1-3.3.1-py3-none-any.whl", hash = "sha256:808c9362299dcee01651aa87e71e9d681ccedb27fc4dbd70aaf14e245fb855f1", size = 67243, upload-time = "2025-03-24T05:36:42.312Z" },
    { url = "https://files.pythonhosted.org/packages/6a/60/d3fd4831c601f063a16fc59f465ef4c1108247b07fbff371a982bd1bac45/libusb1-3.3.1-py3-none-win32.whl", hash = "sha256:0ef69825173ce74af34444754c081cc324233edc6acc405658b3ad784833e076", size = 129576, upload-time = "2025-03-24T05:36:45.202Z" },
    { url = "https://files.pythonhosted.org/packages/94/6d/344a164d32d65d503ffe9201cd74cf13a020099dc446554d1e50b07f167b/libusb1-3.3.1-py3-none-win_amd64.whl", hash = "sha256:6e21b772d80d6487fbb55d3d2141218536db302da82f1983754e96c72781c102", size = 141080, upload-time = "2025-03-24T05:36:46.594Z" },
]

[[package]]
name = "pyusbip"
version = "0.1.0"
source = { virtual = "." }
dependencies = [
    { name = "libusb1" },
]

[package.metadata]
requires-dist = [{ name = "libusb1", specifier = ">=3.3.1" }]
